
Microsoft Visual Studio Solution File, Format Version 12.00
# Visual Studio Version 17
VisualStudioVersion = 17.8.34408.163
MinimumVisualStudioVersion = 10.0.40219.1
Project("{9A19103F-16F7-4668-BE54-9A1E7A4F7556}") = "TheRaiProject", "TheRaiProject\TheRaiProject.csproj", "{8ADEDEFB-17CA-465B-ACDE-CE55D4584EB1}"
EndProject
Global
	GlobalSection(SolutionConfigurationPlatforms) = preSolution
		Debug|Any CPU = Debug|Any CPU
		Release|Any CPU = Release|Any CPU
	EndGlobalSection
	GlobalSection(ProjectConfigurationPlatforms) = postSolution
		{8ADEDEFB-17CA-465B-ACDE-CE55D4584EB1}.Debug|Any CPU.ActiveCfg = Debug|Any CPU
		{8ADEDEFB-17CA-465B-ACDE-CE55D4584EB1}.Debug|Any CPU.Build.0 = Debug|Any CPU
		{8ADEDEFB-17CA-465B-ACDE-CE55D4584EB1}.Release|Any CPU.ActiveCfg = Release|Any CPU
		{8ADEDEFB-17CA-465B-ACDE-CE55D4584EB1}.Release|Any CPU.Build.0 = Release|Any CPU
	EndGlobalSection
	GlobalSection(SolutionProperties) = preSolution
		HideSolutionNode = FALSE
	EndGlobalSection
	GlobalSection(ExtensibilityGlobals) = postSolution
		SolutionGuid = {C9F0FA6F-D313-46BC-98D0-6C450D57B059}
	EndGlobalSection
EndGlobal
